// !$*UTF8*$!
{
	archiveVersion = 1;
	classes = {
	};
	objectVersion = 46;
	objects = {

/* Begin PBXBuildFile section */
		819BCD5E1C1E26E500B674A8 /* SettingsViewController.swift in Sources */ = {isa = PBXBuildFile; fileRef = 819BCD5D1C1E26E500B674A8 /* SettingsViewController.swift */; };
		81B5529E1C173833003441C8 /* AppDelegate.swift in Sources */ = {isa = PBXBuildFile; fileRef = 81B5529D1C173833003441C8 /* AppDelegate.swift */; };
		81B552A01C173833003441C8 /* ViewController.swift in Sources */ = {isa = PBXBuildFile; fileRef = 81B5529F1C173833003441C8 /* ViewController.swift */; };
		81B552A31C173833003441C8 /* Main.storyboard in Resources */ = {isa = PBXBuildFile; fileRef = 81B552A11C173833003441C8 /* Main.storyboard */; };
		81B552A51C173833003441C8 /* Assets.xcassets in Resources */ = {isa = PBXBuildFile; fileRef = 81B552A41C173833003441C8 /* Assets.xcassets */; };
		81B552A81C173833003441C8 /* LaunchScreen.storyboard in Resources */ = {isa = PBXBuildFile; fileRef = 81B552A61C173833003441C8 /* LaunchScreen.storyboard */; };
		81B552B31C173833003441C8 /* tipsTests.swift in Sources */ = {isa = PBXBuildFile; fileRef = 81B552B21C173833003441C8 /* tipsTests.swift */; };
		81B552BE1C173833003441C8 /* tipsUITests.swift in Sources */ = {isa = PBXBuildFile; fileRef = 81B552BD1C173833003441C8 /* tipsUITests.swift */; };
/* End PBXBuildFile section */

/* Begin PBXContainerItemProxy section */
		81B552AF1C173833003441C8 /* PBXContainerItemProxy */ = {
			isa = PBXContainerItemProxy;
			containerPortal = 81B552921C173832003441C8 /* Project object */;
			proxyType = 1;
			remoteGlobalIDString = 81B552991C173832003441C8;
			remoteInfo = tips;
		};
		81B552BA1C173833003441C8 /* PBXContainerItemProxy */ = {
			isa = PBXContainerItemProxy;
			containerPortal = 81B552921C173832003441C8 /* Project object */;
			proxyType = 1;
			remoteGlobalIDString = 81B552991C173832003441C8;
			remoteInfo = tips;
		};
/* End PBXContainerItemProxy section */

/* Begin PBXFileReference section */
		819BCD5D1C1E26E500B674A8 /* SettingsViewController.swift */ = {isa = PBXFileReference; fileEncoding = 4; lastKnownFileType = sourcecode.swift; path = SettingsViewController.swift; sourceTree = "<group>"; };
		81B5529A1C173833003441C8 /* Tip Calculator.app */ = {isa = PBXFileReference; explicitFileType = wrapper.application; includeInIndex = 0; path = "Tip Calculator.app"; sourceTree = BUILT_PRODUCTS_DIR; };
		81B5529D1C173833003441C8 /* AppDelegate.swift */ = {isa = PBXFileReference; lastKnownFileType = sourcecode.swift; path = AppDelegate.swift; sourceTree = "<group>"; };
		81B5529F1C173833003441C8 /* ViewController.swift */ = {isa = PBXFileReference; lastKnownFileType = sourcecode.swift; path = ViewController.swift; sourceTree = "<group>"; };
		81B552A21C173833003441C8 /* Base */ = {isa = PBXFileReference; lastKnownFileType = file.storyboard; name = Base; path = Base.lproj/Main.storyboard; sourceTree = "<group>"; };
		81B552A41C173833003441C8 /* Assets.xcassets */ = {isa = PBXFileReference; lastKnownFileType = folder.assetcatalog; path = Assets.xcassets; sourceTree = "<group>"; };
		81B552A71C173833003441C8 /* Base */ = {isa = PBXFileReference; lastKnownFileType = file.storyboard; name = Base; path = Base.lproj/LaunchScreen.storyboard; sourceTree = "<group>"; };
		81B552A91C173833003441C8 /* Info.plist */ = {isa = PBXFileReference; lastKnownFileType = text.plist.xml; path = Info.plist; sourceTree = "<group>"; };
		81B552AE1C173833003441C8 /* tipsTests.xctest */ = {isa = PBXFileReference; explicitFileType = wrapper.cfbundle; includeInIndex = 0; path = tipsTests.xctest; sourceTree = BUILT_PRODUCTS_DIR; };
		81B552B21C173833003441C8 /* tipsTests.swift */ = {isa = PBXFileReference; lastKnownFileType = sourcecode.swift; path = tipsTests.swift; sourceTree = "<group>"; };
		81B552B41C173833003441C8 /* Info.plist */ = {isa = PBXFileReference; lastKnownFileType = text.plist.xml; path = Info.plist; sourceTree = "<group>"; };
		81B552B91C173833003441C8 /* tipsUITests.xctest */ = {isa = PBXFileReference; explicitFileType = wrapper.cfbundle; includeInIndex = 0; path = tipsUITests.xctest; sourceTree = BUILT_PRODUCTS_DIR; };
		81B552BD1C173833003441C8 /* tipsUITests.swift */ = {isa = PBXFileReference; lastKnownFileType = sourcecode.swift; path = tipsUITests.swift; sourceTree = "<group>"; };
		81B552BF1C173833003441C8 /* Info.plist */ = {isa = PBXFileReference; lastKnownFileType = text.plist.xml; path = Info.plist; sourceTree = "<group>"; };
/* End PBXFileReference section */

/* Begin PBXFrameworksBuildPhase section */
		81B552971C173832003441C8 /* Frameworks */ = {
			isa = PBXFrameworksBuildPhase;
			buildActionMask = 2147483647;
			files = (
			);
			runOnlyForDeploymentPostprocessing = 0;
		};
		81B552AB1C173833003441C8 /* Frameworks */ = {
			isa = PBXFrameworksBuildPhase;
			buildActionMask = 2147483647;
			files = (
			);
			runOnlyForDeploymentPostprocessing = 0;
		};
		81B552B61C173833003441C8 /* Frameworks */ = {
			isa = PBXFrameworksBuildPhase;
			buildActionMask = 2147483647;
			files = (
			);
			runOnlyForDeploymentPostprocessing = 0;
		};
/* End PBXFrameworksBuildPhase section */

/* Begin PBXGroup section */
		81B552911C173832003441C8 = {
			isa = PBXGroup;
			children = (
				819BCD5D1C1E26E500B674A8 /* SettingsViewController.swift */,
				81B5529C1C173833003441C8 /* tips */,
				81B552B11C173833003441C8 /* tipsTests */,
				81B552BC1C173833003441C8 /* tipsUITests */,
				81B5529B1C173833003441C8 /* Products */,
			);
			sourceTree = "<group>";
		};
		81B5529B1C173833003441C8 /* Products */ = {
			isa = PBXGroup;
			children = (
				81B5529A1C173833003441C8 /* Tip Calculator.app */,
				81B552AE1C173833003441C8 /* tipsTests.xctest */,
				81B552B91C173833003441C8 /* tipsUITests.xctest */,
			);
			name = Products;
			sourceTree = "<group>";
		};
		81B5529C1C173833003441C8 /* tips */ = {
			isa = PBXGroup;
			children = (
				81B5529D1C173833003441C8 /* AppDelegate.swift */,
				81B5529F1C173833003441C8 /* ViewController.swift */,
				81B552A11C173833003441C8 /* Main.storyboard */,
				81B552A41C173833003441C8 /* Assets.xcassets */,
				81B552A61C173833003441C8 /* LaunchScreen.storyboard */,
				81B552A91C173833003441C8 /* Info.plist */,
			);
			path = tips;
			sourceTree = "<group>";
		};
		81B552B11C173833003441C8 /* tipsTests */ = {
			isa = PBXGroup;
			children = (
				81B552B21C173833003441C8 /* tipsTests.swift */,
				81B552B41C173833003441C8 /* Info.plist */,
			);
			path = tipsTests;
			sourceTree = "<group>";
		};
		81B552BC1C173833003441C8 /* tipsUITests */ = {
			isa = PBXGroup;
			children = (
				81B552BD1C173833003441C8 /* tipsUITests.swift */,
				81B552BF1C173833003441C8 /* Info.plist */,
			);
			path = tipsUITests;
			sourceTree = "<group>";
		};
/* End PBXGroup section */

/* Begin PBXNativeTarget section */
		81B552991C173832003441C8 /* Tip Calculator */ = {
			isa = PBXNativeTarget;
			buildConfigurationList = 81B552C21C173833003441C8 /* Build configuration list for PBXNativeTarget "Tip Calculator" */;
			buildPhases = (
				81B552961C173832003441C8 /* Sources */,
				81B552971C173832003441C8 /* Frameworks */,
				81B552981C173832003441C8 /* Resources */,
			);
			buildRules = (
			);
			dependencies = (
			);
			name = "Tip Calculator";
			productName = tips;
			productReference = 81B5529A1C173833003441C8 /* Tip Calculator.app */;
			productType = "com.apple.product-type.application";
		};
		81B552AD1C173833003441C8 /* tipsTests */ = {
			isa = PBXNativeTarget;
			buildConfigurationList = 81B552C51C173833003441C8 /* Build configuration list for PBXNativeTarget "tipsTests" */;
			buildPhases = (
				81B552AA1C173833003441C8 /* Sources */,
				81B552AB1C173833003441C8 /* Frameworks */,
				81B552AC1C173833003441C8 /* Resources */,
			);
			buildRules = (
			);
			dependencies = (
				81B552B01C173833003441C8 /* PBXTargetDependency */,
			);
			name = tipsTests;
			productName = tipsTests;
			productReference = 81B552AE1C173833003441C8 /* tipsTests.xctest */;
			productType = "com.apple.product-type.bundle.unit-test";
		};
		81B552B81C173833003441C8 /* tipsUITests */ = {
			isa = PBXNativeTarget;
			buildConfigurationList = 81B552C81C173833003441C8 /* Build configuration list for PBXNativeTarget "tipsUITests" */;
			buildPhases = (
				81B552B51C173833003441C8 /* Sources */,
				81B552B61C173833003441C8 /* Frameworks */,
				81B552B71C173833003441C8 /* Resources */,
			);
			buildRules = (
			);
			dependencies = (
				81B552BB1C173833003441C8 /* PBXTargetDependency */,
			);
			name = tipsUITests;
			productName = tipsUITests;
			productReference = 81B552B91C173833003441C8 /* tipsUITests.xctest */;
			productType = "com.apple.product-type.bundle.ui-testing";
		};
/* End PBXNativeTarget section */

/* Begin PBXProject section */
		81B552921C173832003441C8 /* Project object */ = {
			isa = PBXProject;
			attributes = {
				LastSwiftUpdateCheck = 0710;
				LastUpgradeCheck = 0710;
				ORGANIZATIONNAME = ace;
				TargetAttributes = {
					81B552991C173832003441C8 = {
						CreatedOnToolsVersion = 7.1;
						DevelopmentTeam = 3T5A4DTV9V;
					};
					81B552AD1C173833003441C8 = {
						CreatedOnToolsVersion = 7.1;
						TestTargetID = 81B552991C173832003441C8;
					};
					81B552B81C173833003441C8 = {
						CreatedOnToolsVersion = 7.1;
						TestTargetID = 81B552991C173832003441C8;
					};
				};
			};
			buildConfigurationList = 81B552951C173832003441C8 /* Build configuration list for PBXProject "tips" */;
			compatibilityVersion = "Xcode 3.2";
			developmentRegion = English;
			hasScannedForEncodings = 0;
			knownRegions = (
				en,
				Base,
			);
			mainGroup = 81B552911C173832003441C8;
			productRefGroup = 81B5529B1C173833003441C8 /* Products */;
			projectDirPath = "";
			projectRoot = "";
			targets = (
				81B552991C173832003441C8 /* Tip Calculator */,
				81B552AD1C173833003441C8 /* tipsTests */,
				81B552B81C173833003441C8 /* tipsUITests */,
			);
		};
/* End PBXProject section */

/* Begin PBXResourcesBuildPhase section */
		81B552981C173832003441C8 /* Resources */ = {
			isa = PBXResourcesBuildPhase;
			buildActionMask = 2147483647;
			files = (
				81B552A81C173833003441C8 /* LaunchScreen.storyboard in Resources */,
				81B552A51C173833003441C8 /* Assets.xcassets in Resources */,
				81B552A31C173833003441C8 /* Main.storyboard in Resources */,
			);
			runOnlyForDeploymentPostprocessing = 0;
		};
		81B552AC1C173833003441C8 /* Resources */ = {
			isa = PBXResourcesBuildPhase;
			buildActionMask = 2147483647;
			files = (
			);
			runOnlyForDeploymentPostprocessing = 0;
		};
		81B552B71C173833003441C8 /* Resources */ = {
			isa = PBXResourcesBuildPhase;
			buildActionMask = 2147483647;
			files = (
			);
			runOnlyForDeploymentPostprocessing = 0;
		};
/* End PBXResourcesBuildPhase section */

/* Begin PBXSourcesBuildPhase section */
		81B552961C173832003441C8 /* Sources */ = {
			isa = PBXSourcesBuildPhase;
			buildActionMask = 2147483647;
			files = (
				81B552A01C173833003441C8 /* ViewController.swift in Sources */,
				81B5529E1C173833003441C8 /* AppDelegate.swift in Sources */,
				819BCD5E1C1E26E500B674A8 /* SettingsViewController.swift in Sources */,
			);
			runOnlyForDeploymentPostprocessing = 0;
		};
		81B552AA1C173833003441C8 /* Sources */ = {
			isa = PBXSourcesBuildPhase;
			buildActionMask = 2147483647;
			files = (
				81B552B31C173833003441C8 /* tipsTests.swift in Sources */,
			);
			runOnlyForDeploymentPostprocessing = 0;
		};
		81B552B51C173833003441C8 /* Sources */ = {
			isa = PBXSourcesBuildPhase;
			buildActionMask = 2147483647;
			files = (
				81B552BE1C173833003441C8 /* tipsUITests.swift in Sources */,
			);
			runOnlyForDeploymentPostprocessing = 0;
		};
/* End PBXSourcesBuildPhase section */

/* Begin PBXTargetDependency section */
		81B552B01C173833003441C8 /* PBXTargetDependency */ = {
			isa = PBXTargetDependency;
			target = 81B552991C173832003441C8 /* Tip Calculator */;
			targetProxy = 81B552AF1C173833003441C8 /* PBXContainerItemProxy */;
		};
		81B552BB1C173833003441C8 /* PBXTargetDependency */ = {
			isa = PBXTargetDependency;
			target = 81B552991C173832003441C8 /* Tip Calculator */;
			targetProxy = 81B552BA1C173833003441C8 /* PBXContainerItemProxy */;
		};
/* End PBXTargetDependency section */

/* Begin PBXVariantGroup section */
		81B552A11C173833003441C8 /* Main.storyboard */ = {
			isa = PBXVariantGroup;
			children = (
				81B552A21C173833003441C8 /* Base */,
			);
			name = Main.storyboard;
			sourceTree = "<group>";
		};
		81B552A61C173833003441C8 /* LaunchScreen.storyboard */ = {
			isa = PBXVariantGroup;
			children = (
				81B552A71C173833003441C8 /* Base */,
			);
			name = LaunchScreen.storyboard;
			sourceTree = "<group>";
		};
/* End PBXVariantGroup section */

/* Begin XCBuildConfiguration section */
		81B552C01C173833003441C8 /* Debug */ = {
			isa = XCBuildConfiguration;
			buildSettings = {
				ALWAYS_SEARCH_USER_PATHS = NO;
				CLANG_CXX_LANGUAGE_STANDARD = "gnu++0x";
				CLANG_CXX_LIBRARY = "libc++";
				CLANG_ENABLE_MODULES = YES;
				CLANG_ENABLE_OBJC_ARC = YES;
				CLANG_WARN_BOOL_CONVERSION = YES;
				CLANG_WARN_CONSTANT_CONVERSION = YES;
				CLANG_WARN_DIRECT_OBJC_ISA_USAGE = YES_ERROR;
				CLANG_WARN_EMPTY_BODY = YES;
				CLANG_WARN_ENUM_CONVERSION = YES;
				CLANG_WARN_INT_CONVERSION = YES;
				CLANG_WARN_OBJC_ROOT_CLASS = YES_ERROR;
				CLANG_WARN_UNREACHABLE_CODE = YES;
				CLANG_WARN__DUPLICATE_METHOD_MATCH = YES;
				"CODE_SIGN_IDENTITY[sdk=iphoneos*]" = "iPhone Developer";
				COPY_PHASE_STRIP = NO;
				DEBUG_INFORMATION_FORMAT = dwarf;
				ENABLE_STRICT_OBJC_MSGSEND = YES;
				ENABLE_TESTABILITY = YES;
				GCC_C_LANGUAGE_STANDARD = gnu99;
				GCC_DYNAMIC_NO_PIC = NO;
				GCC_NO_COMMON_BLOCKS = YES;
				GCC_OPTIMIZATION_LEVEL = 0;
				GCC_PREPROCESSOR_DEFINITIONS = (
					"DEBUG=1",
					"$(inherited)",
				);
				GCC_WARN_64_TO_32_BIT_CONVERSION = YES;
				GCC_WARN_ABOUT_RETURN_TYPE = YES_ERROR;
				GCC_WARN_UNDECLARED_SELECTOR = YES;
				GCC_WARN_UNINITIALIZED_AUTOS = YES_AGGRESSIVE;
				GCC_WARN_UNUSED_FUNCTION = YES;
				GCC_WARN_UNUSED_VARIABLE = YES;
				IPHONEOS_DEPLOYMENT_TARGET = 9.1;
				MTL_ENABLE_DEBUG_INFO = YES;
				ONLY_ACTIVE_ARCH = YES;
				SDKROOT = iphoneos;
				SWIFT_OPTIMIZATION_LEVEL = "-Onone";
			};
			name = Debug;
		};
		81B552C11C173833003441C8 /* Release */ = {
			isa = XCBuildConfiguration;
			buildSettings = {
				ALWAYS_SEARCH_USER_PATHS = NO;
				CLANG_CXX_LANGUAGE_STANDARD = "gnu++0x";
				CLANG_CXX_LIBRARY = "libc++";
				CLANG_ENABLE_MODULES = YES;
				CLANG_ENABLE_OBJC_ARC = YES;
				CLANG_WARN_BOOL_CONVERSION = YES;
				CLANG_WARN_CONSTANT_CONVERSION = YES;
				CLANG_WARN_DIRECT_OBJC_ISA_USAGE = YES_ERROR;
				CLANG_WARN_EMPTY_BODY = YES;
				CLANG_WARN_ENUM_CONVERSION = YES;
				CLANG_WARN_INT_CONVERSION = YES;
				CLANG_WARN_OBJC_ROOT_CLASS = YES_ERROR;
				CLANG_WARN_UNREACHABLE_CODE = YES;
				CLANG_WARN__DUPLICATE_METHOD_MATCH = YES;
				"CODE_SIGN_IDENTITY[sdk=iphoneos*]" = "iPhone Developer";
				COPY_PHASE_STRIP = NO;
				DEBUG_INFORMATION_FORMAT = "dwarf-with-dsym";
				ENABLE_NS_ASSERTIONS = NO;
				ENABLE_STRICT_OBJC_MSGSEND = YES;
				GCC_C_LANGUAGE_STANDARD = gnu99;
				GCC_NO_COMMON_BLOCKS = YES;
				GCC_WARN_64_TO_32_BIT_CONVERSION = YES;
				GCC_WARN_ABOUT_RETURN_TYPE = YES_ERROR;
				GCC_WARN_UNDECLARED_SELECTOR = YES;
				GCC_WARN_UNINITIALIZED_AUTOS = YES_AGGRESSIVE;
				GCC_WARN_UNUSED_FUNCTION = YES;
				GCC_WARN_UNUSED_VARIABLE = YES;
				IPHONEOS_DEPLOYMENT_TARGET = 9.1;
				MTL_ENABLE_DEBUG_INFO = NO;
				SDKROOT = iphoneos;
				VALIDATE_PRODUCT = YES;
			};
			name = Release;
		};
		81B552C31C173833003441C8 /* Debug */ = {
			isa = XCBuildConfiguration;
			buildSettings = {
				ASSETCATALOG_COMPILER_APPICON_NAME = AppIcon;
				CODE_SIGN_IDENTITY = "iPhone Developer";
				"CODE_SIGN_IDENTITY[sdk=iphoneos*]" = "iPhone Developer";
				INFOPLIST_FILE = tips/Info.plist;
				IPHONEOS_DEPLOYMENT_TARGET = 9.1;
				LD_RUNPATH_SEARCH_PATHS = "$(inherited) @executable_path/Frameworks";
				PRODUCT_BUNDLE_IDENTIFIER = com.ace.tips;
				PRODUCT_NAME = "$(TARGET_NAME)";
				PROVISIONING_PROFILE = "";
				TARGETED_DEVICE_FAMILY = 1;
			};
			name = Debug;
		};
		81B552C41C173833003441C8 /* Release */ = {
			isa = XCBuildConfiguration;
			buildSettings = {
				ASSETCATALOG_COMPILER_APPICON_NAME = AppIcon;
				CODE_SIGN_IDENTITY = "iPhone Developer";
				"CODE_SIGN_IDENTITY[sdk=iphoneos*]" = "iPhone Developer";
				INFOPLIST_FILE = tips/Info.plist;
				IPHONEOS_DEPLOYMENT_TARGET = 9.1;
				LD_RUNPATH_SEARCH_PATHS = "$(inherited) @executable_path/Frameworks";
				PRODUCT_BUNDLE_IDENTIFIER = com.ace.tips;
				PRODUCT_NAME = "$(TARGET_NAME)";
				PROVISIONING_PROFILE = "";
				TARGETED_DEVICE_FAMILY = 1;
			};
			name = Release;
		};
		81B552C61C173833003441C8 /* Debug */ = {
			isa = XCBuildConfiguration;
			buildSettings = {
				BUNDLE_LOADER = "$(TEST_HOST)";
				INFOPLIST_FILE = tipsTests/Info.plist;
				LD_RUNPATH_SEARCH_PATHS = "$(inherited) @executable_path/Frameworks @loader_path/Frameworks";
				PRODUCT_BUNDLE_IDENTIFIER = com.ace.tipsTests;
				PRODUCT_NAME = "$(TARGET_NAME)";
				TEST_HOST = "$(BUILT_PRODUCTS_DIR)/tips.app/tips";
			};
			name = Debug;
		};
		81B552C71C173833003441C8 /* Release */ = {
			isa = XCBuildConfiguration;
			buildSettings = {
				BUNDLE_LOADER = "$(TEST_HOST)";
				INFOPLIST_FILE = tipsTests/Info.plist;
				LD_RUNPATH_SEARCH_PATHS = "$(inherited) @executable_path/Frameworks @loader_path/Frameworks";
				PRODUCT_BUNDLE_IDENTIFIER = com.ace.tipsTests;
				PRODUCT_NAME = "$(TARGET_NAME)";
				TEST_HOST = "$(BUILT_PRODUCTS_DIR)/tips.app/tips";
			};
			name = Release;
		};
		81B552C91C173833003441C8 /* Debug */ = {
			isa = XCBuildConfiguration;
			buildSettings = {
				INFOPLIST_FILE = tipsUITests/Info.plist;
				LD_RUNPATH_SEARCH_PATHS = "$(inherited) @executable_path/Frameworks @loader_path/Frameworks";
				PRODUCT_BUNDLE_IDENTIFIER = com.ace.tipsUITests;
				PRODUCT_NAME = "$(TARGET_NAME)";
				TEST_TARGET_NAME = tips;
				USES_XCTRUNNER = YES;
			};
			name = Debug;
		};
		81B552CA1C173833003441C8 /* Release */ = {
			isa = XCBuildConfiguration;
			buildSettings = {
				INFOPLIST_FILE = tipsUITests/Info.plist;
				LD_RUNPATH_SEARCH_PATHS = "$(inherited) @executable_path/Frameworks @loader_path/Frameworks";
				PRODUCT_BUNDLE_IDENTIFIER = com.ace.tipsUITests;
				PRODUCT_NAME = "$(TARGET_NAME)";
				TEST_TARGET_NAME = tips;
				USES_XCTRUNNER = YES;
			};
			name = Release;
		};
/* End XCBuildConfiguration section */

/* Begin XCConfigurationList section */
		81B552951C173832003441C8 /* Build configuration list for PBXProject "tips" */ = {
			isa = XCConfigurationList;
			buildConfigurations = (
				81B552C01C173833003441C8 /* Debug */,
				81B552C11C173833003441C8 /* Release */,
			);
			defaultConfigurationIsVisible = 0;
			defaultConfigurationName = Release;
		};
		81B552C21C173833003441C8 /* Build configuration list for PBXNativeTarget "Tip Calculator" */ = {
			isa = XCConfigurationList;
			buildConfigurations = (
				81B552C31C173833003441C8 /* Debug */,
				81B552C41C173833003441C8 /* Release */,
			);
			defaultConfigurationIsVisible = 0;
			defaultConfigurationName = Release;
		};
		81B552C51C173833003441C8 /* Build configuration list for PBXNativeTarget "tipsTests" */ = {
			isa = XCConfigurationList;
			buildConfigurations = (
				81B552C61C173833003441C8 /* Debug */,
				81B552C71C173833003441C8 /* Release */,
			);
			defaultConfigurationIsVisible = 0;
			defaultConfigurationName = Release;
		};
		81B552C81C173833003441C8 /* Build configuration list for PBXNativeTarget "tipsUITests" */ = {
			isa = XCConfigurationList;
			buildConfigurations = (
				81B552C91C173833003441C8 /* Debug */,
				81B552CA1C173833003441C8 /* Release */,
			);
			defaultConfigurationIsVisible = 0;
			defaultConfigurationName = Release;
		};
/* End XCConfigurationList section */
	};
	rootObject = 81B552921C173832003441C8 /* Project object */;
}
